
Microsoft Visual Studio Solution File, Format Version 12.00
# Visual Studio Version 17
VisualStudioVersion = 17.4.33205.214
MinimumVisualStudioVersion = 10.0.40219.1
Project("{FAE04EC0-301F-11D3-BF4B-00C04F79EFBC}") = "简单进销存对账", "简单进销存对账\简单进销存对账.csproj", "{075050FA-0CB6-45C4-91D9-136EC512E2CC}"
EndProject
Global
	GlobalSection(SolutionConfigurationPlatforms) = preSolution
		Debug|Any CPU = Debug|Any CPU
		Release|Any CPU = Release|Any CPU
	EndGlobalSection
	GlobalSection(ProjectConfigurationPlatforms) = postSolution
		{075050FA-0CB6-45C4-91D9-136EC512E2CC}.Debug|Any CPU.ActiveCfg = Debug|Any CPU
		{075050FA-0CB6-45C4-91D9-136EC512E2CC}.Debug|Any CPU.Build.0 = Debug|Any CPU
		{075050FA-0CB6-45C4-91D9-136EC512E2CC}.Release|Any CPU.ActiveCfg = Release|Any CPU
		{075050FA-0CB6-45C4-91D9-136EC512E2CC}.Release|Any CPU.Build.0 = Release|Any CPU
	EndGlobalSection
	GlobalSection(SolutionProperties) = preSolution
		HideSolutionNode = FALSE
	EndGlobalSection
	GlobalSection(ExtensibilityGlobals) = postSolution
		SolutionGuid = {27DCA3B7-6CFF-4459-9581-2A1B0048D0DE}
	EndGlobalSection
EndGlobal
